{
  "name": "use_boost",
  "version": "1.0.0",
  "lockfileVersion": 2,
  "requires": true,
  "packages": {
    "": {
      "name": "use_boost",
      "version": "1.0.0",
      "license": "ISC",
      "dependencies": {
        "gulpachek-cpp": "file:../.."
      }
    },
    "../..": {
      "version": "0.1.0",
      "license": "ISC",
      "dependencies": {
        "gulpachek": "file:../gulpachek-0.1.0.tgz"
      }
    },
    "node_modules/gulpachek-cpp": {
      "resolved": "../..",
      "link": true
    }
  },
  "dependencies": {
    "gulpachek-cpp": {
      "version": "file:../..",
      "requires": {
        "gulpachek": "file:../gulpachek-0.1.0.tgz"
      }
    }
  }
}
